
Microsoft Visual Studio Solution File, Format Version 12.00
# Visual Studio 15
VisualStudioVersion = 15.0.28307.852
MinimumVisualStudioVersion = 10.0.40219.1
Project("{FAE04EC0-301F-11D3-BF4B-00C04F79EFBC}") = "Test_Sitemap", "Test_Sitemap\Test_Sitemap.csproj", "{375D1140-AC53-4CED-97DC-D36CB983E4A3}"
EndProject
Global
	GlobalSection(SolutionConfigurationPlatforms) = preSolution
		Debug|Any CPU = Debug|Any CPU
		Release|Any CPU = Release|Any CPU
	EndGlobalSection
	GlobalSection(ProjectConfigurationPlatforms) = postSolution
		{375D1140-AC53-4CED-97DC-D36CB983E4A3}.Debug|Any CPU.ActiveCfg = Debug|Any CPU
		{375D1140-AC53-4CED-97DC-D36CB983E4A3}.Debug|Any CPU.Build.0 = Debug|Any CPU
		{375D1140-AC53-4CED-97DC-D36CB983E4A3}.Release|Any CPU.ActiveCfg = Release|Any CPU
		{375D1140-AC53-4CED-97DC-D36CB983E4A3}.Release|Any CPU.Build.0 = Release|Any CPU
	EndGlobalSection
	GlobalSection(SolutionProperties) = preSolution
		HideSolutionNode = FALSE
	EndGlobalSection
	GlobalSection(ExtensibilityGlobals) = postSolution
		SolutionGuid = {D3E7B811-C990-4AEC-B77C-91CA5E3E627B}
	EndGlobalSection
EndGlobal
